<?xml version="1.0" encoding="utf-8"?>
<Project ToolsVersion="4.0" xmlns="http://schemas.microsoft.com/developer/msbuild/2003">
  <ItemGroup>
    <Filter Include="Source Files">
      <UniqueIdentifier>{4FC737F1-C7A5-4376-A066-2A32D752A2FF}</UniqueIdentifier>
      <Extensions>cpp;c;cc;cxx;def;odl;idl;hpj;bat;asm;asmx</Extensions>
    </Filter>
    <Filter Include="Header Files">
      <UniqueIdentifier>{93995380-89BD-4b04-88EB-625FBE52EBFB}</UniqueIdentifier>
      <Extensions>h;hpp;hxx;hm;inl;inc;xsd</Extensions>
    </Filter>
    <Filter Include="Resource Files">
      <UniqueIdentifier>{67DA6AB6-F800-4c08-8B7A-83BB121AAD01}</UniqueIdentifier>
      <Extensions>rc;ico;cur;bmp;dlg;rc2;rct;bin;rgs;gif;jpg;jpeg;jpe;resx;tiff;tif;png;wav;mfcribbon-ms</Extensions>
    </Filter>
    <Filter Include="Header Files\CollisionDetection">
      <UniqueIdentifier>{554575ec-1806-46da-83dd-2cde1a7cb511}</UniqueIdentifier>
    </Filter>
    <Filter Include="Header Files\CollisionDetection\CollisionPrimitives">
      <UniqueIdentifier>{f3d57b31-bfcb-4732-98ae-a784b75be58a}</UniqueIdentifier>
    </Filter>
    <Filter Include="Source Files\CollisionDetection">
      <UniqueIdentifier>{8b87ca13-d440-4f96-b6a0-d8b95ff67185}</UniqueIdentifier>
    </Filter>
    <Filter Include="Source Files\CollisionDetection\CollisionPrimitives">
      <UniqueIdentifier>{ec70f5b5-b12d-40ed-984e-96a38fe78d70}</UniqueIdentifier>
    </Filter>
    <Filter Include="Source Files\DataStructures">
      <UniqueIdentifier>{9254d765-9fec-402a-8dbc-a9d602576566}</UniqueIdentifier>
    </Filter>
    <Filter Include="Header Files\DataStructures">
      <UniqueIdentifier>{c3f50075-b569-4448-97fc-319d40b48149}</UniqueIdentifier>
    </Filter>
    <Filter Include="Source Files\Entity">
      <UniqueIdentifier>{471450bf-a517-4a00-b2ba-09158efdb68d}</UniqueIdentifier>
    </Filter>
    <Filter Include="Header Files\Entity">
      <UniqueIdentifier>{d0fe59f9-8eb3-4eda-b7e7-4491e55bc573}</UniqueIdentifier>
    </Filter>
  </ItemGroup>
  <ItemGroup>
    <ClCompile Include="main.cpp">
      <Filter>Source Files</Filter>
    </ClCompile>
    <ClCompile Include="ProgramObject.cpp">
      <Filter>Source Files</Filter>
    </ClCompile>
    <ClCompile Include="InputHandler.cpp">
      <Filter>Source Files</Filter>
    </ClCompile>
    <ClCompile Include="Controller.cpp">
      <Filter>Source Files</Filter>
    </ClCompile>
    <ClCompile Include="InputConsumer.cpp">
      <Filter>Source Files</Filter>
    </ClCompile>
    <ClCompile Include="Entity.cpp">
      <Filter>Source Files</Filter>
    </ClCompile>
    <ClCompile Include="PlayerController.cpp">
      <Filter>Source Files</Filter>
    </ClCompile>
    <ClCompile Include="AIController.cpp">
      <Filter>Source Files</Filter>
    </ClCompile>
    <ClCompile Include="Mesh.cpp">
      <Filter>Source Files</Filter>
    </ClCompile>
    <ClCompile Include="StaticMesh.cpp">
      <Filter>Source Files</Filter>
    </ClCompile>
    <ClCompile Include="DynamicMesh.cpp">
      <Filter>Source Files</Filter>
    </ClCompile>
    <ClCompile Include="Camera.cpp">
      <Filter>Source Files</Filter>
    </ClCompile>
    <ClCompile Include="ControllerManager.cpp">
      <Filter>Source Files</Filter>
    </ClCompile>
    <ClCompile Include="Vector.cpp">
      <Filter>Source Files</Filter>
    </ClCompile>
    <ClCompile Include="Quaternion.cpp">
      <Filter>Source Files</Filter>
    </ClCompile>
    <ClCompile Include="TextureLoader.cpp">
      <Filter>Source Files</Filter>
    </ClCompile>
    <ClCompile Include="stb_image.c">
      <Filter>Source Files</Filter>
    </ClCompile>
    <ClCompile Include="Vector3d.cpp">
      <Filter>Source Files</Filter>
    </ClCompile>
    <ClCompile Include="Vector2d.cpp">
      <Filter>Source Files</Filter>
    </ClCompile>
    <ClCompile Include="Inventory.cpp">
      <Filter>Source Files</Filter>
    </ClCompile>
    <ClCompile Include="Interval.cpp">
      <Filter>Source Files</Filter>
    </ClCompile>
    <ClCompile Include="CoarseCollisionManager.cpp">
      <Filter>Source Files</Filter>
    </ClCompile>
    <ClCompile Include="CubeCollisionPrimitive.cpp">
      <Filter>Source Files\CollisionDetection\CollisionPrimitives</Filter>
    </ClCompile>
    <ClCompile Include="CylinderCollisionPrimitive.cpp">
      <Filter>Source Files\CollisionDetection\CollisionPrimitives</Filter>
    </ClCompile>
    <ClCompile Include="CollisionPrimitive.cpp">
      <Filter>Source Files\CollisionDetection\CollisionPrimitives</Filter>
    </ClCompile>
    <ClCompile Include="SphereCollisionPrimitive.cpp">
      <Filter>Source Files\CollisionDetection\CollisionPrimitives</Filter>
    </ClCompile>
    <ClCompile Include="LinkedListNode.cpp">
      <Filter>Source Files\DataStructures</Filter>
    </ClCompile>
    <ClCompile Include="LinkedList.cpp">
      <Filter>Source Files\DataStructures</Filter>
    </ClCompile>
    <ClCompile Include="PointCollisionPrimitive.cpp">
      <Filter>Source Files\CollisionDetection</Filter>
    </ClCompile>
    <ClCompile Include="Collidable.cpp">
      <Filter>Source Files\CollisionDetection</Filter>
    </ClCompile>
    <ClCompile Include="Pawn.cpp">
      <Filter>Source Files\Entity</Filter>
    </ClCompile>
    <ClCompile Include="PlayerEntity.cpp">
      <Filter>Source Files\Entity</Filter>
    </ClCompile>
    <ClCompile Include="PlayerPawn.cpp">
      <Filter>Source Files\Entity</Filter>
    </ClCompile>
    <ClCompile Include="LineCollisionPrimitive.cpp">
      <Filter>Source Files\CollisionDetection\CollisionPrimitives</Filter>
    </ClCompile>
  </ItemGroup>
  <ItemGroup>
    <ClInclude Include="ProgramObject.h">
      <Filter>Header Files</Filter>
    </ClInclude>
    <ClInclude Include="InputHandler.h">
      <Filter>Header Files</Filter>
    </ClInclude>
    <ClInclude Include="Controller.h">
      <Filter>Header Files</Filter>
    </ClInclude>
    <ClInclude Include="InputConsumer.h">
      <Filter>Header Files</Filter>
    </ClInclude>
    <ClInclude Include="Globals.h">
      <Filter>Header Files</Filter>
    </ClInclude>
    <ClInclude Include="Entity.h">
      <Filter>Header Files</Filter>
    </ClInclude>
    <ClInclude Include="PlayerController.h">
      <Filter>Header Files</Filter>
    </ClInclude>
    <ClInclude Include="AIController.h">
      <Filter>Header Files</Filter>
    </ClInclude>
    <ClInclude Include="Mesh.h">
      <Filter>Header Files</Filter>
    </ClInclude>
    <ClInclude Include="StaticMesh.h">
      <Filter>Header Files</Filter>
    </ClInclude>
    <ClInclude Include="DynamicMesh.h">
      <Filter>Header Files</Filter>
    </ClInclude>
    <ClInclude Include="Camera.h">
      <Filter>Header Files</Filter>
    </ClInclude>
    <ClInclude Include="ControllerManager.h">
      <Filter>Header Files</Filter>
    </ClInclude>
    <ClInclude Include="Vector.h">
      <Filter>Header Files</Filter>
    </ClInclude>
    <ClInclude Include="Quaternion.h">
      <Filter>Header Files</Filter>
    </ClInclude>
    <ClInclude Include="TextureLoader.h">
      <Filter>Header Files</Filter>
    </ClInclude>
    <ClInclude Include="stb_image.h">
      <Filter>Header Files</Filter>
    </ClInclude>
    <ClInclude Include="Vector3d.h">
      <Filter>Header Files</Filter>
    </ClInclude>
    <ClInclude Include="Vector2d.h">
      <Filter>Header Files</Filter>
    </ClInclude>
    <ClInclude Include="Inventory.h">
      <Filter>Header Files</Filter>
    </ClInclude>
    <ClInclude Include="Interval.h">
      <Filter>Header Files</Filter>
    </ClInclude>
    <ClInclude Include="CoarseCollisionManager.h">
      <Filter>Header Files</Filter>
    </ClInclude>
    <ClInclude Include="SphereCollisionPrimitive.h">
      <Filter>Header Files\CollisionDetection\CollisionPrimitives</Filter>
    </ClInclude>
    <ClInclude Include="CubeCollisionPrimitive.h">
      <Filter>Header Files\CollisionDetection\CollisionPrimitives</Filter>
    </ClInclude>
    <ClInclude Include="CylinderCollisionPrimitive.h">
      <Filter>Header Files\CollisionDetection\CollisionPrimitives</Filter>
    </ClInclude>
    <ClInclude Include="CollisionPrimitive.h">
      <Filter>Header Files\CollisionDetection\CollisionPrimitives</Filter>
    </ClInclude>
    <ClInclude Include="Collidable.h">
      <Filter>Header Files\CollisionDetection</Filter>
    </ClInclude>
    <ClInclude Include="LinkedList.h">
      <Filter>Header Files\DataStructures</Filter>
    </ClInclude>
    <ClInclude Include="LinkedListNode.h">
      <Filter>Header Files\DataStructures</Filter>
    </ClInclude>
    <ClInclude Include="PointCollisionPrimitive.h">
      <Filter>Header Files\CollisionDetection\CollisionPrimitives</Filter>
    </ClInclude>
    <ClInclude Include="Pawn.h">
      <Filter>Header Files\Entity</Filter>
    </ClInclude>
    <ClInclude Include="PlayerEntity.h">
      <Filter>Header Files\Entity</Filter>
    </ClInclude>
    <ClInclude Include="PlayerPawn.h">
      <Filter>Header Files\Entity</Filter>
    </ClInclude>
    <ClInclude Include="LineCollisionPrimitive.h">
      <Filter>Header Files\CollisionDetection\CollisionPrimitives</Filter>
    </ClInclude>
  </ItemGroup>
</Project>